
Microsoft Visual Studio Solution File, Format Version 12.00
# Visual Studio Version 17
VisualStudioVersion = 17.9.34728.123
MinimumVisualStudioVersion = 10.0.40219.1
Project("{FAE04EC0-301F-11D3-BF4B-00C04F79EFBC}") = "DateTimeEx", "DateTimeEx\DateTimeEx.csproj", "{A9FCFF42-BD80-42F0-ADAD-9423E167F428}"
EndProject
Global
	GlobalSection(SolutionConfigurationPlatforms) = preSolution
		Debug|Any CPU = Debug|Any CPU
		Release|Any CPU = Release|Any CPU
	EndGlobalSection
	GlobalSection(ProjectConfigurationPlatforms) = postSolution
		{A9FCFF42-BD80-42F0-ADAD-9423E167F428}.Debug|Any CPU.ActiveCfg = Debug|Any CPU
		{A9FCFF42-BD80-42F0-ADAD-9423E167F428}.Debug|Any CPU.Build.0 = Debug|Any CPU
		{A9FCFF42-BD80-42F0-ADAD-9423E167F428}.Release|Any CPU.ActiveCfg = Release|Any CPU
		{A9FCFF42-BD80-42F0-ADAD-9423E167F428}.Release|Any CPU.Build.0 = Release|Any CPU
	EndGlobalSection
	GlobalSection(SolutionProperties) = preSolution
		HideSolutionNode = FALSE
	EndGlobalSection
	GlobalSection(ExtensibilityGlobals) = postSolution
		SolutionGuid = {EAC3FA96-D5C9-4D34-911B-5CC2D1ACD664}
	EndGlobalSection
EndGlobal
